// !$*UTF8*$!
{
	archiveVersion = 1;
	classes = {
	};
	objectVersion = 60;
	objects = {

/* Begin PBXBuildFile section */
		9A95B3312C8709CD00E525EB /* recipesApp.swift in Sources */ = {isa = PBXBuildFile; fileRef = 9A95B3302C8709CD00E525EB /* recipesApp.swift */; };
		9A95B3332C8709CD00E525EB /* ContentView.swift in Sources */ = {isa = PBXBuildFile; fileRef = 9A95B3322C8709CD00E525EB /* ContentView.swift */; };
		9A95B3352C8709CE00E525EB /* Assets.xcassets in Resources */ = {isa = PBXBuildFile; fileRef = 9A95B3342C8709CE00E525EB /* Assets.xcassets */; };
		9A95B3382C8709CE00E525EB /* Preview Assets.xcassets in Resources */ = {isa = PBXBuildFile; fileRef = 9A95B3372C8709CE00E525EB /* Preview Assets.xcassets */; };
		9A95B3422C8709CF00E525EB /* recipesTests.swift in Sources */ = {isa = PBXBuildFile; fileRef = 9A95B3412C8709CF00E525EB /* recipesTests.swift */; };
		9A95B34C2C8709CF00E525EB /* recipesUITests.swift in Sources */ = {isa = PBXBuildFile; fileRef = 9A95B34B2C8709CF00E525EB /* recipesUITests.swift */; };
		9A95B34E2C8709CF00E525EB /* recipesUITestsLaunchTests.swift in Sources */ = {isa = PBXBuildFile; fileRef = 9A95B34D2C8709CF00E525EB /* recipesUITestsLaunchTests.swift */; };
		9A95B3632C8961C600E525EB /* AddPage.swift in Sources */ = {isa = PBXBuildFile; fileRef = 9A95B3622C8961C200E525EB /* AddPage.swift */; };
/* End PBXBuildFile section */

/* Begin PBXContainerItemProxy section */
		9A95B33E2C8709CF00E525EB /* PBXContainerItemProxy */ = {
			isa = PBXContainerItemProxy;
			containerPortal = 9A95B3252C8709CD00E525EB /* Project object */;
			proxyType = 1;
			remoteGlobalIDString = 9A95B32C2C8709CD00E525EB;
			remoteInfo = recipes;
		};
		9A95B3482C8709CF00E525EB /* PBXContainerItemProxy */ = {
			isa = PBXContainerItemProxy;
			containerPortal = 9A95B3252C8709CD00E525EB /* Project object */;
			proxyType = 1;
			remoteGlobalIDString = 9A95B32C2C8709CD00E525EB;
			remoteInfo = recipes;
		};
/* End PBXContainerItemProxy section */

/* Begin PBXFileReference section */
		9A95B32D2C8709CD00E525EB /* recipes.app */ = {isa = PBXFileReference; explicitFileType = wrapper.application; includeInIndex = 0; path = recipes.app; sourceTree = BUILT_PRODUCTS_DIR; };
		9A95B3302C8709CD00E525EB /* recipesApp.swift */ = {isa = PBXFileReference; lastKnownFileType = sourcecode.swift; path = recipesApp.swift; sourceTree = "<group>"; };
		9A95B3322C8709CD00E525EB /* ContentView.swift */ = {isa = PBXFileReference; lastKnownFileType = sourcecode.swift; path = ContentView.swift; sourceTree = "<group>"; };
		9A95B3342C8709CE00E525EB /* Assets.xcassets */ = {isa = PBXFileReference; lastKnownFileType = folder.assetcatalog; path = Assets.xcassets; sourceTree = "<group>"; };
		9A95B3372C8709CE00E525EB /* Preview Assets.xcassets */ = {isa = PBXFileReference; lastKnownFileType = folder.assetcatalog; path = "Preview Assets.xcassets"; sourceTree = "<group>"; };
		9A95B33D2C8709CF00E525EB /* recipesTests.xctest */ = {isa = PBXFileReference; explicitFileType = wrapper.cfbundle; includeInIndex = 0; path = recipesTests.xctest; sourceTree = BUILT_PRODUCTS_DIR; };
		9A95B3412C8709CF00E525EB /* recipesTests.swift */ = {isa = PBXFileReference; lastKnownFileType = sourcecode.swift; path = recipesTests.swift; sourceTree = "<group>"; };
		9A95B3472C8709CF00E525EB /* recipesUITests.xctest */ = {isa = PBXFileReference; explicitFileType = wrapper.cfbundle; includeInIndex = 0; path = recipesUITests.xctest; sourceTree = BUILT_PRODUCTS_DIR; };
		9A95B34B2C8709CF00E525EB /* recipesUITests.swift */ = {isa = PBXFileReference; lastKnownFileType = sourcecode.swift; path = recipesUITests.swift; sourceTree = "<group>"; };
		9A95B34D2C8709CF00E525EB /* recipesUITestsLaunchTests.swift */ = {isa = PBXFileReference; lastKnownFileType = sourcecode.swift; path = recipesUITestsLaunchTests.swift; sourceTree = "<group>"; };
		9A95B3622C8961C200E525EB /* AddPage.swift */ = {isa = PBXFileReference; lastKnownFileType = sourcecode.swift; path = AddPage.swift; sourceTree = "<group>"; };
/* End PBXFileReference section */

/* Begin PBXFrameworksBuildPhase section */
		9A95B32A2C8709CD00E525EB /* Frameworks */ = {
			isa = PBXFrameworksBuildPhase;
			buildActionMask = 2147483647;
			files = (
			);
			runOnlyForDeploymentPostprocessing = 0;
		};
		9A95B33A2C8709CF00E525EB /* Frameworks */ = {
			isa = PBXFrameworksBuildPhase;
			buildActionMask = 2147483647;
			files = (
			);
			runOnlyForDeploymentPostprocessing = 0;
		};
		9A95B3442C8709CF00E525EB /* Frameworks */ = {
			isa = PBXFrameworksBuildPhase;
			buildActionMask = 2147483647;
			files = (
			);
			runOnlyForDeploymentPostprocessing = 0;
		};
/* End PBXFrameworksBuildPhase section */

/* Begin PBXGroup section */
		9A95B3242C8709CD00E525EB = {
			isa = PBXGroup;
			children = (
				9A95B32F2C8709CD00E525EB /* recipes */,
				9A95B3402C8709CF00E525EB /* recipesTests */,
				9A95B34A2C8709CF00E525EB /* recipesUITests */,
				9A95B32E2C8709CD00E525EB /* Products */,
			);
			sourceTree = "<group>";
		};
		9A95B32E2C8709CD00E525EB /* Products */ = {
			isa = PBXGroup;
			children = (
				9A95B32D2C8709CD00E525EB /* recipes.app */,
				9A95B33D2C8709CF00E525EB /* recipesTests.xctest */,
				9A95B3472C8709CF00E525EB /* recipesUITests.xctest */,
			);
			name = Products;
			sourceTree = "<group>";
		};
		9A95B32F2C8709CD00E525EB /* recipes */ = {
			isa = PBXGroup;
			children = (
				9A95B35F2C89616600E525EB /* pages */,
				9A95B3302C8709CD00E525EB /* recipesApp.swift */,
				9A95B3322C8709CD00E525EB /* ContentView.swift */,
				9A95B3342C8709CE00E525EB /* Assets.xcassets */,
				9A95B3362C8709CE00E525EB /* Preview Content */,
			);
			path = recipes;
			sourceTree = "<group>";
		};
		9A95B3362C8709CE00E525EB /* Preview Content */ = {
			isa = PBXGroup;
			children = (
				9A95B3372C8709CE00E525EB /* Preview Assets.xcassets */,
			);
			path = "Preview Content";
			sourceTree = "<group>";
		};
		9A95B3402C8709CF00E525EB /* recipesTests */ = {
			isa = PBXGroup;
			children = (
				9A95B3412C8709CF00E525EB /* recipesTests.swift */,
			);
			path = recipesTests;
			sourceTree = "<group>";
		};
		9A95B34A2C8709CF00E525EB /* recipesUITests */ = {
			isa = PBXGroup;
			children = (
				9A95B34B2C8709CF00E525EB /* recipesUITests.swift */,
				9A95B34D2C8709CF00E525EB /* recipesUITestsLaunchTests.swift */,
			);
			path = recipesUITests;
			sourceTree = "<group>";
		};
		9A95B35F2C89616600E525EB /* pages */ = {
			isa = PBXGroup;
			children = (
				9A95B3622C8961C200E525EB /* AddPage.swift */,
			);
			path = pages;
			sourceTree = "<group>";
		};
/* End PBXGroup section */

/* Begin PBXNativeTarget section */
		9A95B32C2C8709CD00E525EB /* recipes */ = {
			isa = PBXNativeTarget;
			buildConfigurationList = 9A95B3512C8709CF00E525EB /* Build configuration list for PBXNativeTarget "recipes" */;
			buildPhases = (
				9A95B3292C8709CD00E525EB /* Sources */,
				9A95B32A2C8709CD00E525EB /* Frameworks */,
				9A95B32B2C8709CD00E525EB /* Resources */,
			);
			buildRules = (
			);
			dependencies = (
			);
			name = recipes;
			productName = recipes;
			productReference = 9A95B32D2C8709CD00E525EB /* recipes.app */;
			productType = "com.apple.product-type.application";
		};
		9A95B33C2C8709CF00E525EB /* recipesTests */ = {
			isa = PBXNativeTarget;
			buildConfigurationList = 9A95B3542C8709CF00E525EB /* Build configuration list for PBXNativeTarget "recipesTests" */;
			buildPhases = (
				9A95B3392C8709CF00E525EB /* Sources */,
				9A95B33A2C8709CF00E525EB /* Frameworks */,
				9A95B33B2C8709CF00E525EB /* Resources */,
			);
			buildRules = (
			);
			dependencies = (
				9A95B33F2C8709CF00E525EB /* PBXTargetDependency */,
			);
			name = recipesTests;
			productName = recipesTests;
			productReference = 9A95B33D2C8709CF00E525EB /* recipesTests.xctest */;
			productType = "com.apple.product-type.bundle.unit-test";
		};
		9A95B3462C8709CF00E525EB /* recipesUITests */ = {
			isa = PBXNativeTarget;
			buildConfigurationList = 9A95B3572C8709CF00E525EB /* Build configuration list for PBXNativeTarget "recipesUITests" */;
			buildPhases = (
				9A95B3432C8709CF00E525EB /* Sources */,
				9A95B3442C8709CF00E525EB /* Frameworks */,
				9A95B3452C8709CF00E525EB /* Resources */,
			);
			buildRules = (
			);
			dependencies = (
				9A95B3492C8709CF00E525EB /* PBXTargetDependency */,
			);
			name = recipesUITests;
			productName = recipesUITests;
			productReference = 9A95B3472C8709CF00E525EB /* recipesUITests.xctest */;
			productType = "com.apple.product-type.bundle.ui-testing";
		};
/* End PBXNativeTarget section */

/* Begin PBXProject section */
		9A95B3252C8709CD00E525EB /* Project object */ = {
			isa = PBXProject;
			attributes = {
				BuildIndependentTargetsInParallel = 1;
				LastSwiftUpdateCheck = 1600;
				LastUpgradeCheck = 1600;
				TargetAttributes = {
					9A95B32C2C8709CD00E525EB = {
						CreatedOnToolsVersion = 16.0;
					};
					9A95B33C2C8709CF00E525EB = {
						CreatedOnToolsVersion = 16.0;
						TestTargetID = 9A95B32C2C8709CD00E525EB;
					};
					9A95B3462C8709CF00E525EB = {
						CreatedOnToolsVersion = 16.0;
						TestTargetID = 9A95B32C2C8709CD00E525EB;
					};
				};
			};
			buildConfigurationList = 9A95B3282C8709CD00E525EB /* Build configuration list for PBXProject "recipes" */;
			compatibilityVersion = "Xcode 15.0";
			developmentRegion = en;
			hasScannedForEncodings = 0;
			knownRegions = (
				en,
				Base,
			);
			mainGroup = 9A95B3242C8709CD00E525EB;
			productRefGroup = 9A95B32E2C8709CD00E525EB /* Products */;
			projectDirPath = "";
			projectRoot = "";
			targets = (
				9A95B32C2C8709CD00E525EB /* recipes */,
				9A95B33C2C8709CF00E525EB /* recipesTests */,
				9A95B3462C8709CF00E525EB /* recipesUITests */,
			);
		};
/* End PBXProject section */

/* Begin PBXResourcesBuildPhase section */
		9A95B32B2C8709CD00E525EB /* Resources */ = {
			isa = PBXResourcesBuildPhase;
			buildActionMask = 2147483647;
			files = (
				9A95B3382C8709CE00E525EB /* Preview Assets.xcassets in Resources */,
				9A95B3352C8709CE00E525EB /* Assets.xcassets in Resources */,
			);
			runOnlyForDeploymentPostprocessing = 0;
		};
		9A95B33B2C8709CF00E525EB /* Resources */ = {
			isa = PBXResourcesBuildPhase;
			buildActionMask = 2147483647;
			files = (
			);
			runOnlyForDeploymentPostprocessing = 0;
		};
		9A95B3452C8709CF00E525EB /* Resources */ = {
			isa = PBXResourcesBuildPhase;
			buildActionMask = 2147483647;
			files = (
			);
			runOnlyForDeploymentPostprocessing = 0;
		};
/* End PBXResourcesBuildPhase section */

/* Begin PBXSourcesBuildPhase section */
		9A95B3292C8709CD00E525EB /* Sources */ = {
			isa = PBXSourcesBuildPhase;
			buildActionMask = 2147483647;
			files = (
				9A95B3332C8709CD00E525EB /* ContentView.swift in Sources */,
				9A95B3632C8961C600E525EB /* AddPage.swift in Sources */,
				9A95B3312C8709CD00E525EB /* recipesApp.swift in Sources */,
			);
			runOnlyForDeploymentPostprocessing = 0;
		};
		9A95B3392C8709CF00E525EB /* Sources */ = {
			isa = PBXSourcesBuildPhase;
			buildActionMask = 2147483647;
			files = (
				9A95B3422C8709CF00E525EB /* recipesTests.swift in Sources */,
			);
			runOnlyForDeploymentPostprocessing = 0;
		};
		9A95B3432C8709CF00E525EB /* Sources */ = {
			isa = PBXSourcesBuildPhase;
			buildActionMask = 2147483647;
			files = (
				9A95B34E2C8709CF00E525EB /* recipesUITestsLaunchTests.swift in Sources */,
				9A95B34C2C8709CF00E525EB /* recipesUITests.swift in Sources */,
			);
			runOnlyForDeploymentPostprocessing = 0;
		};
/* End PBXSourcesBuildPhase section */

/* Begin PBXTargetDependency section */
		9A95B33F2C8709CF00E525EB /* PBXTargetDependency */ = {
			isa = PBXTargetDependency;
			target = 9A95B32C2C8709CD00E525EB /* recipes */;
			targetProxy = 9A95B33E2C8709CF00E525EB /* PBXContainerItemProxy */;
		};
		9A95B3492C8709CF00E525EB /* PBXTargetDependency */ = {
			isa = PBXTargetDependency;
			target = 9A95B32C2C8709CD00E525EB /* recipes */;
			targetProxy = 9A95B3482C8709CF00E525EB /* PBXContainerItemProxy */;
		};
/* End PBXTargetDependency section */

/* Begin XCBuildConfiguration section */
		9A95B34F2C8709CF00E525EB /* Debug */ = {
			isa = XCBuildConfiguration;
			buildSettings = {
				ALWAYS_SEARCH_USER_PATHS = NO;
				ASSETCATALOG_COMPILER_GENERATE_SWIFT_ASSET_SYMBOL_EXTENSIONS = YES;
				CLANG_ANALYZER_NONNULL = YES;
				CLANG_ANALYZER_NUMBER_OBJECT_CONVERSION = YES_AGGRESSIVE;
				CLANG_CXX_LANGUAGE_STANDARD = "gnu++20";
				CLANG_ENABLE_MODULES = YES;
				CLANG_ENABLE_OBJC_ARC = YES;
				CLANG_ENABLE_OBJC_WEAK = YES;
				CLANG_WARN_BLOCK_CAPTURE_AUTORELEASING = YES;
				CLANG_WARN_BOOL_CONVERSION = YES;
				CLANG_WARN_COMMA = YES;
				CLANG_WARN_CONSTANT_CONVERSION = YES;
				CLANG_WARN_DEPRECATED_OBJC_IMPLEMENTATIONS = YES;
				CLANG_WARN_DIRECT_OBJC_ISA_USAGE = YES_ERROR;
				CLANG_WARN_DOCUMENTATION_COMMENTS = YES;
				CLANG_WARN_EMPTY_BODY = YES;
				CLANG_WARN_ENUM_CONVERSION = YES;
				CLANG_WARN_INFINITE_RECURSION = YES;
				CLANG_WARN_INT_CONVERSION = YES;
				CLANG_WARN_NON_LITERAL_NULL_CONVERSION = YES;
				CLANG_WARN_OBJC_IMPLICIT_RETAIN_SELF = YES;
				CLANG_WARN_OBJC_LITERAL_CONVERSION = YES;
				CLANG_WARN_OBJC_ROOT_CLASS = YES_ERROR;
				CLANG_WARN_QUOTED_INCLUDE_IN_FRAMEWORK_HEADER = YES;
				CLANG_WARN_RANGE_LOOP_ANALYSIS = YES;
				CLANG_WARN_STRICT_PROTOTYPES = YES;
				CLANG_WARN_SUSPICIOUS_MOVE = YES;
				CLANG_WARN_UNGUARDED_AVAILABILITY = YES_AGGRESSIVE;
				CLANG_WARN_UNREACHABLE_CODE = YES;
				CLANG_WARN__DUPLICATE_METHOD_MATCH = YES;
				COPY_PHASE_STRIP = NO;
				DEBUG_INFORMATION_FORMAT = dwarf;
				ENABLE_STRICT_OBJC_MSGSEND = YES;
				ENABLE_TESTABILITY = YES;
				ENABLE_USER_SCRIPT_SANDBOXING = YES;
				GCC_C_LANGUAGE_STANDARD = gnu17;
				GCC_DYNAMIC_NO_PIC = NO;
				GCC_NO_COMMON_BLOCKS = YES;
				GCC_OPTIMIZATION_LEVEL = 0;
				GCC_PREPROCESSOR_DEFINITIONS = (
					"DEBUG=1",
					"$(inherited)",
				);
				GCC_WARN_64_TO_32_BIT_CONVERSION = YES;
				GCC_WARN_ABOUT_RETURN_TYPE = YES_ERROR;
				GCC_WARN_UNDECLARED_SELECTOR = YES;
				GCC_WARN_UNINITIALIZED_AUTOS = YES_AGGRESSIVE;
				GCC_WARN_UNUSED_FUNCTION = YES;
				GCC_WARN_UNUSED_VARIABLE = YES;
				IPHONEOS_DEPLOYMENT_TARGET = 18.0;
				LOCALIZATION_PREFERS_STRING_CATALOGS = YES;
				MTL_ENABLE_DEBUG_INFO = INCLUDE_SOURCE;
				MTL_FAST_MATH = YES;
				ONLY_ACTIVE_ARCH = YES;
				SDKROOT = iphoneos;
				SWIFT_ACTIVE_COMPILATION_CONDITIONS = "DEBUG $(inherited)";
				SWIFT_OPTIMIZATION_LEVEL = "-Onone";
			};
			name = Debug;
		};
		9A95B3502C8709CF00E525EB /* Release */ = {
			isa = XCBuildConfiguration;
			buildSettings = {
				ALWAYS_SEARCH_USER_PATHS = NO;
				ASSETCATALOG_COMPILER_GENERATE_SWIFT_ASSET_SYMBOL_EXTENSIONS = YES;
				CLANG_ANALYZER_NONNULL = YES;
				CLANG_ANALYZER_NUMBER_OBJECT_CONVERSION = YES_AGGRESSIVE;
				CLANG_CXX_LANGUAGE_STANDARD = "gnu++20";
				CLANG_ENABLE_MODULES = YES;
				CLANG_ENABLE_OBJC_ARC = YES;
				CLANG_ENABLE_OBJC_WEAK = YES;
				CLANG_WARN_BLOCK_CAPTURE_AUTORELEASING = YES;
				CLANG_WARN_BOOL_CONVERSION = YES;
				CLANG_WARN_COMMA = YES;
				CLANG_WARN_CONSTANT_CONVERSION = YES;
				CLANG_WARN_DEPRECATED_OBJC_IMPLEMENTATIONS = YES;
				CLANG_WARN_DIRECT_OBJC_ISA_USAGE = YES_ERROR;
				CLANG_WARN_DOCUMENTATION_COMMENTS = YES;
				CLANG_WARN_EMPTY_BODY = YES;
				CLANG_WARN_ENUM_CONVERSION = YES;
				CLANG_WARN_INFINITE_RECURSION = YES;
				CLANG_WARN_INT_CONVERSION = YES;
				CLANG_WARN_NON_LITERAL_NULL_CONVERSION = YES;
				CLANG_WARN_OBJC_IMPLICIT_RETAIN_SELF = YES;
				CLANG_WARN_OBJC_LITERAL_CONVERSION = YES;
				CLANG_WARN_OBJC_ROOT_CLASS = YES_ERROR;
				CLANG_WARN_QUOTED_INCLUDE_IN_FRAMEWORK_HEADER = YES;
				CLANG_WARN_RANGE_LOOP_ANALYSIS = YES;
				CLANG_WARN_STRICT_PROTOTYPES = YES;
				CLANG_WARN_SUSPICIOUS_MOVE = YES;
				CLANG_WARN_UNGUARDED_AVAILABILITY = YES_AGGRESSIVE;
				CLANG_WARN_UNREACHABLE_CODE = YES;
				CLANG_WARN__DUPLICATE_METHOD_MATCH = YES;
				COPY_PHASE_STRIP = NO;
				DEBUG_INFORMATION_FORMAT = "dwarf-with-dsym";
				ENABLE_NS_ASSERTIONS = NO;
				ENABLE_STRICT_OBJC_MSGSEND = YES;
				ENABLE_USER_SCRIPT_SANDBOXING = YES;
				GCC_C_LANGUAGE_STANDARD = gnu17;
				GCC_NO_COMMON_BLOCKS = YES;
				GCC_WARN_64_TO_32_BIT_CONVERSION = YES;
				GCC_WARN_ABOUT_RETURN_TYPE = YES_ERROR;
				GCC_WARN_UNDECLARED_SELECTOR = YES;
				GCC_WARN_UNINITIALIZED_AUTOS = YES_AGGRESSIVE;
				GCC_WARN_UNUSED_FUNCTION = YES;
				GCC_WARN_UNUSED_VARIABLE = YES;
				IPHONEOS_DEPLOYMENT_TARGET = 18.0;
				LOCALIZATION_PREFERS_STRING_CATALOGS = YES;
				MTL_ENABLE_DEBUG_INFO = NO;
				MTL_FAST_MATH = YES;
				SDKROOT = iphoneos;
				SWIFT_COMPILATION_MODE = wholemodule;
				VALIDATE_PRODUCT = YES;
			};
			name = Release;
		};
		9A95B3522C8709CF00E525EB /* Debug */ = {
			isa = XCBuildConfiguration;
			buildSettings = {
				ASSETCATALOG_COMPILER_APPICON_NAME = AppIcon;
				ASSETCATALOG_COMPILER_GLOBAL_ACCENT_COLOR_NAME = AccentColor;
				CODE_SIGN_STYLE = Automatic;
				CURRENT_PROJECT_VERSION = 1;
				DEVELOPMENT_ASSET_PATHS = "\"recipes/Preview Content\"";
				DEVELOPMENT_TEAM = DK8A9W5MNS;
				ENABLE_PREVIEWS = YES;
				GENERATE_INFOPLIST_FILE = YES;
				INFOPLIST_KEY_UIApplicationSceneManifest_Generation = YES;
				INFOPLIST_KEY_UIApplicationSupportsIndirectInputEvents = YES;
				INFOPLIST_KEY_UILaunchScreen_Generation = YES;
				INFOPLIST_KEY_UISupportedInterfaceOrientations_iPad = "UIInterfaceOrientationPortrait UIInterfaceOrientationPortraitUpsideDown UIInterfaceOrientationLandscapeLeft UIInterfaceOrientationLandscapeRight";
				INFOPLIST_KEY_UISupportedInterfaceOrientations_iPhone = "UIInterfaceOrientationPortrait UIInterfaceOrientationLandscapeLeft UIInterfaceOrientationLandscapeRight";
				IPHONEOS_DEPLOYMENT_TARGET = 17.0;
				LD_RUNPATH_SEARCH_PATHS = (
					"$(inherited)",
					"@executable_path/Frameworks",
				);
				MARKETING_VERSION = 1.0;
				PRODUCT_BUNDLE_IDENTIFIER = com.example.zhangyemengren.recipes;
				PRODUCT_NAME = "$(TARGET_NAME)";
				SWIFT_EMIT_LOC_STRINGS = YES;
				SWIFT_VERSION = 5.0;
				TARGETED_DEVICE_FAMILY = "1,2";
			};
			name = Debug;
		};
		9A95B3532C8709CF00E525EB /* Release */ = {
			isa = XCBuildConfiguration;
			buildSettings = {
				ASSETCATALOG_COMPILER_APPICON_NAME = AppIcon;
				ASSETCATALOG_COMPILER_GLOBAL_ACCENT_COLOR_NAME = AccentColor;
				CODE_SIGN_STYLE = Automatic;
				CURRENT_PROJECT_VERSION = 1;
				DEVELOPMENT_ASSET_PATHS = "\"recipes/Preview Content\"";
				DEVELOPMENT_TEAM = DK8A9W5MNS;
				ENABLE_PREVIEWS = YES;
				GENERATE_INFOPLIST_FILE = YES;
				INFOPLIST_KEY_UIApplicationSceneManifest_Generation = YES;
				INFOPLIST_KEY_UIApplicationSupportsIndirectInputEvents = YES;
				INFOPLIST_KEY_UILaunchScreen_Generation = YES;
				INFOPLIST_KEY_UISupportedInterfaceOrientations_iPad = "UIInterfaceOrientationPortrait UIInterfaceOrientationPortraitUpsideDown UIInterfaceOrientationLandscapeLeft UIInterfaceOrientationLandscapeRight";
				INFOPLIST_KEY_UISupportedInterfaceOrientations_iPhone = "UIInterfaceOrientationPortrait UIInterfaceOrientationLandscapeLeft UIInterfaceOrientationLandscapeRight";
				IPHONEOS_DEPLOYMENT_TARGET = 17.0;
				LD_RUNPATH_SEARCH_PATHS = (
					"$(inherited)",
					"@executable_path/Frameworks",
				);
				MARKETING_VERSION = 1.0;
				PRODUCT_BUNDLE_IDENTIFIER = com.example.zhangyemengren.recipes;
				PRODUCT_NAME = "$(TARGET_NAME)";
				SWIFT_EMIT_LOC_STRINGS = YES;
				SWIFT_VERSION = 5.0;
				TARGETED_DEVICE_FAMILY = "1,2";
			};
			name = Release;
		};
		9A95B3552C8709CF00E525EB /* Debug */ = {
			isa = XCBuildConfiguration;
			buildSettings = {
				BUNDLE_LOADER = "$(TEST_HOST)";
				CODE_SIGN_STYLE = Automatic;
				CURRENT_PROJECT_VERSION = 1;
				GENERATE_INFOPLIST_FILE = YES;
				IPHONEOS_DEPLOYMENT_TARGET = 18.0;
				MARKETING_VERSION = 1.0;
				PRODUCT_BUNDLE_IDENTIFIER = com.example.zhangyemengren.recipesTests;
				PRODUCT_NAME = "$(TARGET_NAME)";
				SWIFT_EMIT_LOC_STRINGS = NO;
				SWIFT_VERSION = 5.0;
				TARGETED_DEVICE_FAMILY = "1,2";
				TEST_HOST = "$(BUILT_PRODUCTS_DIR)/recipes.app/$(BUNDLE_EXECUTABLE_FOLDER_PATH)/recipes";
			};
			name = Debug;
		};
		9A95B3562C8709CF00E525EB /* Release */ = {
			isa = XCBuildConfiguration;
			buildSettings = {
				BUNDLE_LOADER = "$(TEST_HOST)";
				CODE_SIGN_STYLE = Automatic;
				CURRENT_PROJECT_VERSION = 1;
				GENERATE_INFOPLIST_FILE = YES;
				IPHONEOS_DEPLOYMENT_TARGET = 18.0;
				MARKETING_VERSION = 1.0;
				PRODUCT_BUNDLE_IDENTIFIER = com.example.zhangyemengren.recipesTests;
				PRODUCT_NAME = "$(TARGET_NAME)";
				SWIFT_EMIT_LOC_STRINGS = NO;
				SWIFT_VERSION = 5.0;
				TARGETED_DEVICE_FAMILY = "1,2";
				TEST_HOST = "$(BUILT_PRODUCTS_DIR)/recipes.app/$(BUNDLE_EXECUTABLE_FOLDER_PATH)/recipes";
			};
			name = Release;
		};
		9A95B3582C8709CF00E525EB /* Debug */ = {
			isa = XCBuildConfiguration;
			buildSettings = {
				CODE_SIGN_STYLE = Automatic;
				CURRENT_PROJECT_VERSION = 1;
				GENERATE_INFOPLIST_FILE = YES;
				MARKETING_VERSION = 1.0;
				PRODUCT_BUNDLE_IDENTIFIER = com.example.zhangyemengren.recipesUITests;
				PRODUCT_NAME = "$(TARGET_NAME)";
				SWIFT_EMIT_LOC_STRINGS = NO;
				SWIFT_VERSION = 5.0;
				TARGETED_DEVICE_FAMILY = "1,2";
				TEST_TARGET_NAME = recipes;
			};
			name = Debug;
		};
		9A95B3592C8709CF00E525EB /* Release */ = {
			isa = XCBuildConfiguration;
			buildSettings = {
				CODE_SIGN_STYLE = Automatic;
				CURRENT_PROJECT_VERSION = 1;
				GENERATE_INFOPLIST_FILE = YES;
				MARKETING_VERSION = 1.0;
				PRODUCT_BUNDLE_IDENTIFIER = com.example.zhangyemengren.recipesUITests;
				PRODUCT_NAME = "$(TARGET_NAME)";
				SWIFT_EMIT_LOC_STRINGS = NO;
				SWIFT_VERSION = 5.0;
				TARGETED_DEVICE_FAMILY = "1,2";
				TEST_TARGET_NAME = recipes;
			};
			name = Release;
		};
/* End XCBuildConfiguration section */

/* Begin XCConfigurationList section */
		9A95B3282C8709CD00E525EB /* Build configuration list for PBXProject "recipes" */ = {
			isa = XCConfigurationList;
			buildConfigurations = (
				9A95B34F2C8709CF00E525EB /* Debug */,
				9A95B3502C8709CF00E525EB /* Release */,
			);
			defaultConfigurationIsVisible = 0;
			defaultConfigurationName = Release;
		};
		9A95B3512C8709CF00E525EB /* Build configuration list for PBXNativeTarget "recipes" */ = {
			isa = XCConfigurationList;
			buildConfigurations = (
				9A95B3522C8709CF00E525EB /* Debug */,
				9A95B3532C8709CF00E525EB /* Release */,
			);
			defaultConfigurationIsVisible = 0;
			defaultConfigurationName = Release;
		};
		9A95B3542C8709CF00E525EB /* Build configuration list for PBXNativeTarget "recipesTests" */ = {
			isa = XCConfigurationList;
			buildConfigurations = (
				9A95B3552C8709CF00E525EB /* Debug */,
				9A95B3562C8709CF00E525EB /* Release */,
			);
			defaultConfigurationIsVisible = 0;
			defaultConfigurationName = Release;
		};
		9A95B3572C8709CF00E525EB /* Build configuration list for PBXNativeTarget "recipesUITests" */ = {
			isa = XCConfigurationList;
			buildConfigurations = (
				9A95B3582C8709CF00E525EB /* Debug */,
				9A95B3592C8709CF00E525EB /* Release */,
			);
			defaultConfigurationIsVisible = 0;
			defaultConfigurationName = Release;
		};
/* End XCConfigurationList section */
	};
	rootObject = 9A95B3252C8709CD00E525EB /* Project object */;
}
