// !$*UTF8*$!
{
	archiveVersion = 1;
	classes = {
	};
	objectVersion = 60;
	objects = {

/* Begin PBXBuildFile section */
		9A4C67A32C7889350052C9B5 /* heartstone_database_iosApp.swift in Sources */ = {isa = PBXBuildFile; fileRef = 9A4C67A22C7889350052C9B5 /* heartstone_database_iosApp.swift */; };
		9A4C67A52C7889350052C9B5 /* ContentView.swift in Sources */ = {isa = PBXBuildFile; fileRef = 9A4C67A42C7889350052C9B5 /* ContentView.swift */; };
		9A4C67A72C7889360052C9B5 /* Assets.xcassets in Resources */ = {isa = PBXBuildFile; fileRef = 9A4C67A62C7889360052C9B5 /* Assets.xcassets */; };
		9A4C67AA2C7889360052C9B5 /* Preview Assets.xcassets in Resources */ = {isa = PBXBuildFile; fileRef = 9A4C67A92C7889360052C9B5 /* Preview Assets.xcassets */; };
		9A4C67B42C7889360052C9B5 /* heartstone_database_iosTests.swift in Sources */ = {isa = PBXBuildFile; fileRef = 9A4C67B32C7889360052C9B5 /* heartstone_database_iosTests.swift */; };
		9A4C67BE2C7889370052C9B5 /* heartstone_database_iosUITests.swift in Sources */ = {isa = PBXBuildFile; fileRef = 9A4C67BD2C7889370052C9B5 /* heartstone_database_iosUITests.swift */; };
		9A4C67C02C7889370052C9B5 /* heartstone_database_iosUITestsLaunchTests.swift in Sources */ = {isa = PBXBuildFile; fileRef = 9A4C67BF2C7889370052C9B5 /* heartstone_database_iosUITestsLaunchTests.swift */; };
/* End PBXBuildFile section */

/* Begin PBXContainerItemProxy section */
		9A4C67B02C7889360052C9B5 /* PBXContainerItemProxy */ = {
			isa = PBXContainerItemProxy;
			containerPortal = 9A4C67972C7889350052C9B5 /* Project object */;
			proxyType = 1;
			remoteGlobalIDString = 9A4C679E2C7889350052C9B5;
			remoteInfo = heartstone_database_ios;
		};
		9A4C67BA2C7889370052C9B5 /* PBXContainerItemProxy */ = {
			isa = PBXContainerItemProxy;
			containerPortal = 9A4C67972C7889350052C9B5 /* Project object */;
			proxyType = 1;
			remoteGlobalIDString = 9A4C679E2C7889350052C9B5;
			remoteInfo = heartstone_database_ios;
		};
/* End PBXContainerItemProxy section */

/* Begin PBXFileReference section */
		9A4C679F2C7889350052C9B5 /* heartstone_database_ios.app */ = {isa = PBXFileReference; explicitFileType = wrapper.application; includeInIndex = 0; path = heartstone_database_ios.app; sourceTree = BUILT_PRODUCTS_DIR; };
		9A4C67A22C7889350052C9B5 /* heartstone_database_iosApp.swift */ = {isa = PBXFileReference; lastKnownFileType = sourcecode.swift; path = heartstone_database_iosApp.swift; sourceTree = "<group>"; };
		9A4C67A42C7889350052C9B5 /* ContentView.swift */ = {isa = PBXFileReference; lastKnownFileType = sourcecode.swift; path = ContentView.swift; sourceTree = "<group>"; };
		9A4C67A62C7889360052C9B5 /* Assets.xcassets */ = {isa = PBXFileReference; lastKnownFileType = folder.assetcatalog; path = Assets.xcassets; sourceTree = "<group>"; };
		9A4C67A92C7889360052C9B5 /* Preview Assets.xcassets */ = {isa = PBXFileReference; lastKnownFileType = folder.assetcatalog; path = "Preview Assets.xcassets"; sourceTree = "<group>"; };
		9A4C67AF2C7889360052C9B5 /* heartstone_database_iosTests.xctest */ = {isa = PBXFileReference; explicitFileType = wrapper.cfbundle; includeInIndex = 0; path = heartstone_database_iosTests.xctest; sourceTree = BUILT_PRODUCTS_DIR; };
		9A4C67B32C7889360052C9B5 /* heartstone_database_iosTests.swift */ = {isa = PBXFileReference; lastKnownFileType = sourcecode.swift; path = heartstone_database_iosTests.swift; sourceTree = "<group>"; };
		9A4C67B92C7889370052C9B5 /* heartstone_database_iosUITests.xctest */ = {isa = PBXFileReference; explicitFileType = wrapper.cfbundle; includeInIndex = 0; path = heartstone_database_iosUITests.xctest; sourceTree = BUILT_PRODUCTS_DIR; };
		9A4C67BD2C7889370052C9B5 /* heartstone_database_iosUITests.swift */ = {isa = PBXFileReference; lastKnownFileType = sourcecode.swift; path = heartstone_database_iosUITests.swift; sourceTree = "<group>"; };
		9A4C67BF2C7889370052C9B5 /* heartstone_database_iosUITestsLaunchTests.swift */ = {isa = PBXFileReference; lastKnownFileType = sourcecode.swift; path = heartstone_database_iosUITestsLaunchTests.swift; sourceTree = "<group>"; };
/* End PBXFileReference section */

/* Begin PBXFrameworksBuildPhase section */
		9A4C679C2C7889350052C9B5 /* Frameworks */ = {
			isa = PBXFrameworksBuildPhase;
			buildActionMask = 2147483647;
			files = (
			);
			runOnlyForDeploymentPostprocessing = 0;
		};
		9A4C67AC2C7889360052C9B5 /* Frameworks */ = {
			isa = PBXFrameworksBuildPhase;
			buildActionMask = 2147483647;
			files = (
			);
			runOnlyForDeploymentPostprocessing = 0;
		};
		9A4C67B62C7889370052C9B5 /* Frameworks */ = {
			isa = PBXFrameworksBuildPhase;
			buildActionMask = 2147483647;
			files = (
			);
			runOnlyForDeploymentPostprocessing = 0;
		};
/* End PBXFrameworksBuildPhase section */

/* Begin PBXGroup section */
		9A4C67962C7889350052C9B5 = {
			isa = PBXGroup;
			children = (
				9A4C67A12C7889350052C9B5 /* heartstone_database_ios */,
				9A4C67B22C7889360052C9B5 /* heartstone_database_iosTests */,
				9A4C67BC2C7889370052C9B5 /* heartstone_database_iosUITests */,
				9A4C67A02C7889350052C9B5 /* Products */,
			);
			sourceTree = "<group>";
		};
		9A4C67A02C7889350052C9B5 /* Products */ = {
			isa = PBXGroup;
			children = (
				9A4C679F2C7889350052C9B5 /* heartstone_database_ios.app */,
				9A4C67AF2C7889360052C9B5 /* heartstone_database_iosTests.xctest */,
				9A4C67B92C7889370052C9B5 /* heartstone_database_iosUITests.xctest */,
			);
			name = Products;
			sourceTree = "<group>";
		};
		9A4C67A12C7889350052C9B5 /* heartstone_database_ios */ = {
			isa = PBXGroup;
			children = (
				9A4C67A22C7889350052C9B5 /* heartstone_database_iosApp.swift */,
				9A4C67A42C7889350052C9B5 /* ContentView.swift */,
				9A4C67A62C7889360052C9B5 /* Assets.xcassets */,
				9A4C67A82C7889360052C9B5 /* Preview Content */,
			);
			path = heartstone_database_ios;
			sourceTree = "<group>";
		};
		9A4C67A82C7889360052C9B5 /* Preview Content */ = {
			isa = PBXGroup;
			children = (
				9A4C67A92C7889360052C9B5 /* Preview Assets.xcassets */,
			);
			path = "Preview Content";
			sourceTree = "<group>";
		};
		9A4C67B22C7889360052C9B5 /* heartstone_database_iosTests */ = {
			isa = PBXGroup;
			children = (
				9A4C67B32C7889360052C9B5 /* heartstone_database_iosTests.swift */,
			);
			path = heartstone_database_iosTests;
			sourceTree = "<group>";
		};
		9A4C67BC2C7889370052C9B5 /* heartstone_database_iosUITests */ = {
			isa = PBXGroup;
			children = (
				9A4C67BD2C7889370052C9B5 /* heartstone_database_iosUITests.swift */,
				9A4C67BF2C7889370052C9B5 /* heartstone_database_iosUITestsLaunchTests.swift */,
			);
			path = heartstone_database_iosUITests;
			sourceTree = "<group>";
		};
/* End PBXGroup section */

/* Begin PBXNativeTarget section */
		9A4C679E2C7889350052C9B5 /* heartstone_database_ios */ = {
			isa = PBXNativeTarget;
			buildConfigurationList = 9A4C67C32C7889370052C9B5 /* Build configuration list for PBXNativeTarget "heartstone_database_ios" */;
			buildPhases = (
				9A4C679B2C7889350052C9B5 /* Sources */,
				9A4C679C2C7889350052C9B5 /* Frameworks */,
				9A4C679D2C7889350052C9B5 /* Resources */,
			);
			buildRules = (
			);
			dependencies = (
			);
			name = heartstone_database_ios;
			productName = heartstone_database_ios;
			productReference = 9A4C679F2C7889350052C9B5 /* heartstone_database_ios.app */;
			productType = "com.apple.product-type.application";
		};
		9A4C67AE2C7889360052C9B5 /* heartstone_database_iosTests */ = {
			isa = PBXNativeTarget;
			buildConfigurationList = 9A4C67C62C7889370052C9B5 /* Build configuration list for PBXNativeTarget "heartstone_database_iosTests" */;
			buildPhases = (
				9A4C67AB2C7889360052C9B5 /* Sources */,
				9A4C67AC2C7889360052C9B5 /* Frameworks */,
				9A4C67AD2C7889360052C9B5 /* Resources */,
			);
			buildRules = (
			);
			dependencies = (
				9A4C67B12C7889360052C9B5 /* PBXTargetDependency */,
			);
			name = heartstone_database_iosTests;
			productName = heartstone_database_iosTests;
			productReference = 9A4C67AF2C7889360052C9B5 /* heartstone_database_iosTests.xctest */;
			productType = "com.apple.product-type.bundle.unit-test";
		};
		9A4C67B82C7889370052C9B5 /* heartstone_database_iosUITests */ = {
			isa = PBXNativeTarget;
			buildConfigurationList = 9A4C67C92C7889370052C9B5 /* Build configuration list for PBXNativeTarget "heartstone_database_iosUITests" */;
			buildPhases = (
				9A4C67B52C7889370052C9B5 /* Sources */,
				9A4C67B62C7889370052C9B5 /* Frameworks */,
				9A4C67B72C7889370052C9B5 /* Resources */,
			);
			buildRules = (
			);
			dependencies = (
				9A4C67BB2C7889370052C9B5 /* PBXTargetDependency */,
			);
			name = heartstone_database_iosUITests;
			productName = heartstone_database_iosUITests;
			productReference = 9A4C67B92C7889370052C9B5 /* heartstone_database_iosUITests.xctest */;
			productType = "com.apple.product-type.bundle.ui-testing";
		};
/* End PBXNativeTarget section */

/* Begin PBXProject section */
		9A4C67972C7889350052C9B5 /* Project object */ = {
			isa = PBXProject;
			attributes = {
				BuildIndependentTargetsInParallel = 1;
				LastSwiftUpdateCheck = 1600;
				LastUpgradeCheck = 1600;
				TargetAttributes = {
					9A4C679E2C7889350052C9B5 = {
						CreatedOnToolsVersion = 16.0;
					};
					9A4C67AE2C7889360052C9B5 = {
						CreatedOnToolsVersion = 16.0;
						TestTargetID = 9A4C679E2C7889350052C9B5;
					};
					9A4C67B82C7889370052C9B5 = {
						CreatedOnToolsVersion = 16.0;
						TestTargetID = 9A4C679E2C7889350052C9B5;
					};
				};
			};
			buildConfigurationList = 9A4C679A2C7889350052C9B5 /* Build configuration list for PBXProject "heartstone_database_ios" */;
			compatibilityVersion = "Xcode 15.0";
			developmentRegion = en;
			hasScannedForEncodings = 0;
			knownRegions = (
				en,
				Base,
			);
			mainGroup = 9A4C67962C7889350052C9B5;
			productRefGroup = 9A4C67A02C7889350052C9B5 /* Products */;
			projectDirPath = "";
			projectRoot = "";
			targets = (
				9A4C679E2C7889350052C9B5 /* heartstone_database_ios */,
				9A4C67AE2C7889360052C9B5 /* heartstone_database_iosTests */,
				9A4C67B82C7889370052C9B5 /* heartstone_database_iosUITests */,
			);
		};
/* End PBXProject section */

/* Begin PBXResourcesBuildPhase section */
		9A4C679D2C7889350052C9B5 /* Resources */ = {
			isa = PBXResourcesBuildPhase;
			buildActionMask = 2147483647;
			files = (
				9A4C67AA2C7889360052C9B5 /* Preview Assets.xcassets in Resources */,
				9A4C67A72C7889360052C9B5 /* Assets.xcassets in Resources */,
			);
			runOnlyForDeploymentPostprocessing = 0;
		};
		9A4C67AD2C7889360052C9B5 /* Resources */ = {
			isa = PBXResourcesBuildPhase;
			buildActionMask = 2147483647;
			files = (
			);
			runOnlyForDeploymentPostprocessing = 0;
		};
		9A4C67B72C7889370052C9B5 /* Resources */ = {
			isa = PBXResourcesBuildPhase;
			buildActionMask = 2147483647;
			files = (
			);
			runOnlyForDeploymentPostprocessing = 0;
		};
/* End PBXResourcesBuildPhase section */

/* Begin PBXSourcesBuildPhase section */
		9A4C679B2C7889350052C9B5 /* Sources */ = {
			isa = PBXSourcesBuildPhase;
			buildActionMask = 2147483647;
			files = (
				9A4C67A52C7889350052C9B5 /* ContentView.swift in Sources */,
				9A4C67A32C7889350052C9B5 /* heartstone_database_iosApp.swift in Sources */,
			);
			runOnlyForDeploymentPostprocessing = 0;
		};
		9A4C67AB2C7889360052C9B5 /* Sources */ = {
			isa = PBXSourcesBuildPhase;
			buildActionMask = 2147483647;
			files = (
				9A4C67B42C7889360052C9B5 /* heartstone_database_iosTests.swift in Sources */,
			);
			runOnlyForDeploymentPostprocessing = 0;
		};
		9A4C67B52C7889370052C9B5 /* Sources */ = {
			isa = PBXSourcesBuildPhase;
			buildActionMask = 2147483647;
			files = (
				9A4C67C02C7889370052C9B5 /* heartstone_database_iosUITestsLaunchTests.swift in Sources */,
				9A4C67BE2C7889370052C9B5 /* heartstone_database_iosUITests.swift in Sources */,
			);
			runOnlyForDeploymentPostprocessing = 0;
		};
/* End PBXSourcesBuildPhase section */

/* Begin PBXTargetDependency section */
		9A4C67B12C7889360052C9B5 /* PBXTargetDependency */ = {
			isa = PBXTargetDependency;
			target = 9A4C679E2C7889350052C9B5 /* heartstone_database_ios */;
			targetProxy = 9A4C67B02C7889360052C9B5 /* PBXContainerItemProxy */;
		};
		9A4C67BB2C7889370052C9B5 /* PBXTargetDependency */ = {
			isa = PBXTargetDependency;
			target = 9A4C679E2C7889350052C9B5 /* heartstone_database_ios */;
			targetProxy = 9A4C67BA2C7889370052C9B5 /* PBXContainerItemProxy */;
		};
/* End PBXTargetDependency section */

/* Begin XCBuildConfiguration section */
		9A4C67C12C7889370052C9B5 /* Debug */ = {
			isa = XCBuildConfiguration;
			buildSettings = {
				ALWAYS_SEARCH_USER_PATHS = NO;
				ASSETCATALOG_COMPILER_GENERATE_SWIFT_ASSET_SYMBOL_EXTENSIONS = YES;
				CLANG_ANALYZER_NONNULL = YES;
				CLANG_ANALYZER_NUMBER_OBJECT_CONVERSION = YES_AGGRESSIVE;
				CLANG_CXX_LANGUAGE_STANDARD = "gnu++20";
				CLANG_ENABLE_MODULES = YES;
				CLANG_ENABLE_OBJC_ARC = YES;
				CLANG_ENABLE_OBJC_WEAK = YES;
				CLANG_WARN_BLOCK_CAPTURE_AUTORELEASING = YES;
				CLANG_WARN_BOOL_CONVERSION = YES;
				CLANG_WARN_COMMA = YES;
				CLANG_WARN_CONSTANT_CONVERSION = YES;
				CLANG_WARN_DEPRECATED_OBJC_IMPLEMENTATIONS = YES;
				CLANG_WARN_DIRECT_OBJC_ISA_USAGE = YES_ERROR;
				CLANG_WARN_DOCUMENTATION_COMMENTS = YES;
				CLANG_WARN_EMPTY_BODY = YES;
				CLANG_WARN_ENUM_CONVERSION = YES;
				CLANG_WARN_INFINITE_RECURSION = YES;
				CLANG_WARN_INT_CONVERSION = YES;
				CLANG_WARN_NON_LITERAL_NULL_CONVERSION = YES;
				CLANG_WARN_OBJC_IMPLICIT_RETAIN_SELF = YES;
				CLANG_WARN_OBJC_LITERAL_CONVERSION = YES;
				CLANG_WARN_OBJC_ROOT_CLASS = YES_ERROR;
				CLANG_WARN_QUOTED_INCLUDE_IN_FRAMEWORK_HEADER = YES;
				CLANG_WARN_RANGE_LOOP_ANALYSIS = YES;
				CLANG_WARN_STRICT_PROTOTYPES = YES;
				CLANG_WARN_SUSPICIOUS_MOVE = YES;
				CLANG_WARN_UNGUARDED_AVAILABILITY = YES_AGGRESSIVE;
				CLANG_WARN_UNREACHABLE_CODE = YES;
				CLANG_WARN__DUPLICATE_METHOD_MATCH = YES;
				COPY_PHASE_STRIP = NO;
				DEBUG_INFORMATION_FORMAT = dwarf;
				ENABLE_STRICT_OBJC_MSGSEND = YES;
				ENABLE_TESTABILITY = YES;
				ENABLE_USER_SCRIPT_SANDBOXING = YES;
				GCC_C_LANGUAGE_STANDARD = gnu17;
				GCC_DYNAMIC_NO_PIC = NO;
				GCC_NO_COMMON_BLOCKS = YES;
				GCC_OPTIMIZATION_LEVEL = 0;
				GCC_PREPROCESSOR_DEFINITIONS = (
					"DEBUG=1",
					"$(inherited)",
				);
				GCC_WARN_64_TO_32_BIT_CONVERSION = YES;
				GCC_WARN_ABOUT_RETURN_TYPE = YES_ERROR;
				GCC_WARN_UNDECLARED_SELECTOR = YES;
				GCC_WARN_UNINITIALIZED_AUTOS = YES_AGGRESSIVE;
				GCC_WARN_UNUSED_FUNCTION = YES;
				GCC_WARN_UNUSED_VARIABLE = YES;
				IPHONEOS_DEPLOYMENT_TARGET = 18.0;
				LOCALIZATION_PREFERS_STRING_CATALOGS = YES;
				MTL_ENABLE_DEBUG_INFO = INCLUDE_SOURCE;
				MTL_FAST_MATH = YES;
				ONLY_ACTIVE_ARCH = YES;
				SDKROOT = iphoneos;
				SWIFT_ACTIVE_COMPILATION_CONDITIONS = "DEBUG $(inherited)";
				SWIFT_OPTIMIZATION_LEVEL = "-Onone";
			};
			name = Debug;
		};
		9A4C67C22C7889370052C9B5 /* Release */ = {
			isa = XCBuildConfiguration;
			buildSettings = {
				ALWAYS_SEARCH_USER_PATHS = NO;
				ASSETCATALOG_COMPILER_GENERATE_SWIFT_ASSET_SYMBOL_EXTENSIONS = YES;
				CLANG_ANALYZER_NONNULL = YES;
				CLANG_ANALYZER_NUMBER_OBJECT_CONVERSION = YES_AGGRESSIVE;
				CLANG_CXX_LANGUAGE_STANDARD = "gnu++20";
				CLANG_ENABLE_MODULES = YES;
				CLANG_ENABLE_OBJC_ARC = YES;
				CLANG_ENABLE_OBJC_WEAK = YES;
				CLANG_WARN_BLOCK_CAPTURE_AUTORELEASING = YES;
				CLANG_WARN_BOOL_CONVERSION = YES;
				CLANG_WARN_COMMA = YES;
				CLANG_WARN_CONSTANT_CONVERSION = YES;
				CLANG_WARN_DEPRECATED_OBJC_IMPLEMENTATIONS = YES;
				CLANG_WARN_DIRECT_OBJC_ISA_USAGE = YES_ERROR;
				CLANG_WARN_DOCUMENTATION_COMMENTS = YES;
				CLANG_WARN_EMPTY_BODY = YES;
				CLANG_WARN_ENUM_CONVERSION = YES;
				CLANG_WARN_INFINITE_RECURSION = YES;
				CLANG_WARN_INT_CONVERSION = YES;
				CLANG_WARN_NON_LITERAL_NULL_CONVERSION = YES;
				CLANG_WARN_OBJC_IMPLICIT_RETAIN_SELF = YES;
				CLANG_WARN_OBJC_LITERAL_CONVERSION = YES;
				CLANG_WARN_OBJC_ROOT_CLASS = YES_ERROR;
				CLANG_WARN_QUOTED_INCLUDE_IN_FRAMEWORK_HEADER = YES;
				CLANG_WARN_RANGE_LOOP_ANALYSIS = YES;
				CLANG_WARN_STRICT_PROTOTYPES = YES;
				CLANG_WARN_SUSPICIOUS_MOVE = YES;
				CLANG_WARN_UNGUARDED_AVAILABILITY = YES_AGGRESSIVE;
				CLANG_WARN_UNREACHABLE_CODE = YES;
				CLANG_WARN__DUPLICATE_METHOD_MATCH = YES;
				COPY_PHASE_STRIP = NO;
				DEBUG_INFORMATION_FORMAT = "dwarf-with-dsym";
				ENABLE_NS_ASSERTIONS = NO;
				ENABLE_STRICT_OBJC_MSGSEND = YES;
				ENABLE_USER_SCRIPT_SANDBOXING = YES;
				GCC_C_LANGUAGE_STANDARD = gnu17;
				GCC_NO_COMMON_BLOCKS = YES;
				GCC_WARN_64_TO_32_BIT_CONVERSION = YES;
				GCC_WARN_ABOUT_RETURN_TYPE = YES_ERROR;
				GCC_WARN_UNDECLARED_SELECTOR = YES;
				GCC_WARN_UNINITIALIZED_AUTOS = YES_AGGRESSIVE;
				GCC_WARN_UNUSED_FUNCTION = YES;
				GCC_WARN_UNUSED_VARIABLE = YES;
				IPHONEOS_DEPLOYMENT_TARGET = 18.0;
				LOCALIZATION_PREFERS_STRING_CATALOGS = YES;
				MTL_ENABLE_DEBUG_INFO = NO;
				MTL_FAST_MATH = YES;
				SDKROOT = iphoneos;
				SWIFT_COMPILATION_MODE = wholemodule;
				VALIDATE_PRODUCT = YES;
			};
			name = Release;
		};
		9A4C67C42C7889370052C9B5 /* Debug */ = {
			isa = XCBuildConfiguration;
			buildSettings = {
				ASSETCATALOG_COMPILER_APPICON_NAME = AppIcon;
				ASSETCATALOG_COMPILER_GLOBAL_ACCENT_COLOR_NAME = AccentColor;
				CODE_SIGN_STYLE = Automatic;
				CURRENT_PROJECT_VERSION = 1;
				DEVELOPMENT_ASSET_PATHS = "\"heartstone_database_ios/Preview Content\"";
				ENABLE_PREVIEWS = YES;
				GENERATE_INFOPLIST_FILE = YES;
				INFOPLIST_KEY_UIApplicationSceneManifest_Generation = YES;
				INFOPLIST_KEY_UIApplicationSupportsIndirectInputEvents = YES;
				INFOPLIST_KEY_UILaunchScreen_Generation = YES;
				INFOPLIST_KEY_UISupportedInterfaceOrientations_iPad = "UIInterfaceOrientationPortrait UIInterfaceOrientationPortraitUpsideDown UIInterfaceOrientationLandscapeLeft UIInterfaceOrientationLandscapeRight";
				INFOPLIST_KEY_UISupportedInterfaceOrientations_iPhone = "UIInterfaceOrientationPortrait UIInterfaceOrientationLandscapeLeft UIInterfaceOrientationLandscapeRight";
				LD_RUNPATH_SEARCH_PATHS = (
					"$(inherited)",
					"@executable_path/Frameworks",
				);
				MARKETING_VERSION = 1.0;
				PRODUCT_BUNDLE_IDENTIFIER = "com.example.heartstone-database-ios.heartstone-database-ios";
				PRODUCT_NAME = "$(TARGET_NAME)";
				SWIFT_EMIT_LOC_STRINGS = YES;
				SWIFT_VERSION = 5.0;
				TARGETED_DEVICE_FAMILY = "1,2";
			};
			name = Debug;
		};
		9A4C67C52C7889370052C9B5 /* Release */ = {
			isa = XCBuildConfiguration;
			buildSettings = {
				ASSETCATALOG_COMPILER_APPICON_NAME = AppIcon;
				ASSETCATALOG_COMPILER_GLOBAL_ACCENT_COLOR_NAME = AccentColor;
				CODE_SIGN_STYLE = Automatic;
				CURRENT_PROJECT_VERSION = 1;
				DEVELOPMENT_ASSET_PATHS = "\"heartstone_database_ios/Preview Content\"";
				ENABLE_PREVIEWS = YES;
				GENERATE_INFOPLIST_FILE = YES;
				INFOPLIST_KEY_UIApplicationSceneManifest_Generation = YES;
				INFOPLIST_KEY_UIApplicationSupportsIndirectInputEvents = YES;
				INFOPLIST_KEY_UILaunchScreen_Generation = YES;
				INFOPLIST_KEY_UISupportedInterfaceOrientations_iPad = "UIInterfaceOrientationPortrait UIInterfaceOrientationPortraitUpsideDown UIInterfaceOrientationLandscapeLeft UIInterfaceOrientationLandscapeRight";
				INFOPLIST_KEY_UISupportedInterfaceOrientations_iPhone = "UIInterfaceOrientationPortrait UIInterfaceOrientationLandscapeLeft UIInterfaceOrientationLandscapeRight";
				LD_RUNPATH_SEARCH_PATHS = (
					"$(inherited)",
					"@executable_path/Frameworks",
				);
				MARKETING_VERSION = 1.0;
				PRODUCT_BUNDLE_IDENTIFIER = "com.example.heartstone-database-ios.heartstone-database-ios";
				PRODUCT_NAME = "$(TARGET_NAME)";
				SWIFT_EMIT_LOC_STRINGS = YES;
				SWIFT_VERSION = 5.0;
				TARGETED_DEVICE_FAMILY = "1,2";
			};
			name = Release;
		};
		9A4C67C72C7889370052C9B5 /* Debug */ = {
			isa = XCBuildConfiguration;
			buildSettings = {
				BUNDLE_LOADER = "$(TEST_HOST)";
				CODE_SIGN_STYLE = Automatic;
				CURRENT_PROJECT_VERSION = 1;
				GENERATE_INFOPLIST_FILE = YES;
				IPHONEOS_DEPLOYMENT_TARGET = 18.0;
				MARKETING_VERSION = 1.0;
				PRODUCT_BUNDLE_IDENTIFIER = "com.example.heartstone-database-ios.heartstone-database-iosTests";
				PRODUCT_NAME = "$(TARGET_NAME)";
				SWIFT_EMIT_LOC_STRINGS = NO;
				SWIFT_VERSION = 5.0;
				TARGETED_DEVICE_FAMILY = "1,2";
				TEST_HOST = "$(BUILT_PRODUCTS_DIR)/heartstone_database_ios.app/$(BUNDLE_EXECUTABLE_FOLDER_PATH)/heartstone_database_ios";
			};
			name = Debug;
		};
		9A4C67C82C7889370052C9B5 /* Release */ = {
			isa = XCBuildConfiguration;
			buildSettings = {
				BUNDLE_LOADER = "$(TEST_HOST)";
				CODE_SIGN_STYLE = Automatic;
				CURRENT_PROJECT_VERSION = 1;
				GENERATE_INFOPLIST_FILE = YES;
				IPHONEOS_DEPLOYMENT_TARGET = 18.0;
				MARKETING_VERSION = 1.0;
				PRODUCT_BUNDLE_IDENTIFIER = "com.example.heartstone-database-ios.heartstone-database-iosTests";
				PRODUCT_NAME = "$(TARGET_NAME)";
				SWIFT_EMIT_LOC_STRINGS = NO;
				SWIFT_VERSION = 5.0;
				TARGETED_DEVICE_FAMILY = "1,2";
				TEST_HOST = "$(BUILT_PRODUCTS_DIR)/heartstone_database_ios.app/$(BUNDLE_EXECUTABLE_FOLDER_PATH)/heartstone_database_ios";
			};
			name = Release;
		};
		9A4C67CA2C7889370052C9B5 /* Debug */ = {
			isa = XCBuildConfiguration;
			buildSettings = {
				CODE_SIGN_STYLE = Automatic;
				CURRENT_PROJECT_VERSION = 1;
				GENERATE_INFOPLIST_FILE = YES;
				MARKETING_VERSION = 1.0;
				PRODUCT_BUNDLE_IDENTIFIER = "com.example.heartstone-database-ios.heartstone-database-iosUITests";
				PRODUCT_NAME = "$(TARGET_NAME)";
				SWIFT_EMIT_LOC_STRINGS = NO;
				SWIFT_VERSION = 5.0;
				TARGETED_DEVICE_FAMILY = "1,2";
				TEST_TARGET_NAME = heartstone_database_ios;
			};
			name = Debug;
		};
		9A4C67CB2C7889370052C9B5 /* Release */ = {
			isa = XCBuildConfiguration;
			buildSettings = {
				CODE_SIGN_STYLE = Automatic;
				CURRENT_PROJECT_VERSION = 1;
				GENERATE_INFOPLIST_FILE = YES;
				MARKETING_VERSION = 1.0;
				PRODUCT_BUNDLE_IDENTIFIER = "com.example.heartstone-database-ios.heartstone-database-iosUITests";
				PRODUCT_NAME = "$(TARGET_NAME)";
				SWIFT_EMIT_LOC_STRINGS = NO;
				SWIFT_VERSION = 5.0;
				TARGETED_DEVICE_FAMILY = "1,2";
				TEST_TARGET_NAME = heartstone_database_ios;
			};
			name = Release;
		};
/* End XCBuildConfiguration section */

/* Begin XCConfigurationList section */
		9A4C679A2C7889350052C9B5 /* Build configuration list for PBXProject "heartstone_database_ios" */ = {
			isa = XCConfigurationList;
			buildConfigurations = (
				9A4C67C12C7889370052C9B5 /* Debug */,
				9A4C67C22C7889370052C9B5 /* Release */,
			);
			defaultConfigurationIsVisible = 0;
			defaultConfigurationName = Release;
		};
		9A4C67C32C7889370052C9B5 /* Build configuration list for PBXNativeTarget "heartstone_database_ios" */ = {
			isa = XCConfigurationList;
			buildConfigurations = (
				9A4C67C42C7889370052C9B5 /* Debug */,
				9A4C67C52C7889370052C9B5 /* Release */,
			);
			defaultConfigurationIsVisible = 0;
			defaultConfigurationName = Release;
		};
		9A4C67C62C7889370052C9B5 /* Build configuration list for PBXNativeTarget "heartstone_database_iosTests" */ = {
			isa = XCConfigurationList;
			buildConfigurations = (
				9A4C67C72C7889370052C9B5 /* Debug */,
				9A4C67C82C7889370052C9B5 /* Release */,
			);
			defaultConfigurationIsVisible = 0;
			defaultConfigurationName = Release;
		};
		9A4C67C92C7889370052C9B5 /* Build configuration list for PBXNativeTarget "heartstone_database_iosUITests" */ = {
			isa = XCConfigurationList;
			buildConfigurations = (
				9A4C67CA2C7889370052C9B5 /* Debug */,
				9A4C67CB2C7889370052C9B5 /* Release */,
			);
			defaultConfigurationIsVisible = 0;
			defaultConfigurationName = Release;
		};
/* End XCConfigurationList section */
	};
	rootObject = 9A4C67972C7889350052C9B5 /* Project object */;
}
